lockfileVersion: '9.0'

settings:
  autoInstallPeers: true
  excludeLinksFromLockfile: false

importers:

  .:
    dependencies:
      '@metamask/eth-sig-util':
        specifier: ^7.0.2
        version: 7.0.2

packages:

  '@ethereumjs/common@3.2.0':
    resolution: {integrity: sha512-pksvzI0VyLgmuEF2FA/JR/4/y6hcPq8OUail3/AvycBaW1d5VSauOZzqGvJ3RTmR4MU35lWE8KseKOsEhrFRBA==}

  '@ethereumjs/rlp@4.0.1':
    resolution: {integrity: sha512-tqsQiBQDQdmPWE1xkkBq4rlSW5QZpLOUJ5RJh2/9fug+q9tnUhuZoVLk7s0scUIKTOzEtR72DFBXI4WiZcMpvw==}
    engines: {node: '>=14'}
    hasBin: true

  '@ethereumjs/tx@4.2.0':
    resolution: {integrity: sha512-1nc6VO4jtFd172BbSnTnDQVr9IYBFl1y4xPzZdtkrkKIncBCkdbgfdRV+MiTkJYAtTxvV12GRZLqBFT1PNK6Yw==}
    engines: {node: '>=14'}

  '@ethereumjs/util@8.1.0':
    resolution: {integrity: sha512-zQ0IqbdX8FZ9aw11vP+dZkKDkS+kgIvQPHnSAXzP9pLu+Rfu3D3XEeLbicvoXJTYnhZiPmsZUxgdzXwNKxRPbA==}
    engines: {node: '>=14'}

  '@metamask/abi-utils@2.0.4':
    resolution: {integrity: sha512-StnIgUB75x7a7AgUhiaUZDpCsqGp7VkNnZh2XivXkJ6mPkE83U8ARGQj5MbRis7VJY8BC5V1AbB1fjdh0hupPQ==}
    engines: {node: '>=16.0.0'}

  '@metamask/eth-sig-util@7.0.2':
    resolution: {integrity: sha512-DhTDMNEtED0ihIc4Tysm6qUJTvArCdgSTeeJWdo526W/cAk5mrSAvEYYgv8idAiBumDtcPWGimMTaB7MvY64bg==}
    engines: {node: ^16.20 || ^18.16 || >=20}

  '@metamask/superstruct@3.1.0':
    resolution: {integrity: sha512-N08M56HdOgBfRKkrgCMZvQppkZGcArEop3kixNEtVbJKm6P9Cfg0YkI6X0s1g78sNrj2fWUwvJADdZuzJgFttA==}
    engines: {node: '>=16.0.0'}

  '@metamask/utils@8.5.0':
    resolution: {integrity: sha512-I6bkduevXb72TIM9q2LRO63JSsF9EXduh3sBr9oybNX2hNNpr/j1tEjXrsG0Uabm4MJ1xkGAQEMwifvKZIkyxQ==}
    engines: {node: '>=16.0.0'}

  '@metamask/utils@9.0.0':
    resolution: {integrity: sha512-Q/PzQCm6rkmePxHghXgJuYEkVfSvwKLLFZwFtfmLAz4mxIPuFJSMawaJM7sfZsVybK5Bf9QaKAjgMvHk5iGGvA==}
    engines: {node: '>=16.0.0'}

  '@noble/curves@1.4.2':
    resolution: {integrity: sha512-TavHr8qycMChk8UwMld0ZDRvatedkzWfH8IiaeGCfymOP5i0hSCozz9vHOL0nkwk7HRMlFnAiKpS2jrUmSybcw==}

  '@noble/hashes@1.4.0':
    resolution: {integrity: sha512-V1JJ1WTRUqHHrOSh597hURcMqVKVGL/ea3kv0gSnEdsEZ0/+VyPghM1lMNGc00z7CIQorSvbKpuJkxvuHbvdbg==}
    engines: {node: '>= 16'}

  '@scure/base@1.1.7':
    resolution: {integrity: sha512-PPNYBslrLNNUQ/Yad37MHYsNQtK67EhWb6WtSvNLLPo7SdVZgkUjD6Dg+5On7zNwmskf8OX7I7Nx5oN+MIWE0g==}

  '@scure/bip32@1.4.0':
    resolution: {integrity: sha512-sVUpc0Vq3tXCkDGYVWGIZTRfnvu8LoTDaev7vbwh0omSvVORONr960MQWdKqJDCReIEmTj3PAr73O3aoxz7OPg==}

  '@scure/bip39@1.3.0':
    resolution: {integrity: sha512-disdg7gHuTDZtY+ZdkmLpPCk7fxZSu3gBiEGuoC1XYxv9cGx3Z6cpTggCgW6odSOOIXCiDjuGejW+aJKCY/pIQ==}

  '@types/debug@4.1.12':
    resolution: {integrity: sha512-vIChWdVG3LG1SMxEvI/AK+FWJthlrqlTu7fbrlywTkkaONwk/UAGaULXRlf8vkzFBLVm0zkMdCquhL5aOjhXPQ==}

  '@types/ms@0.7.34':
    resolution: {integrity: sha512-nG96G3Wp6acyAgJqGasjODb+acrI7KltPiRxzHPXnP3NgI28bpQDRv53olbqGXbfcgF5aiiHmO3xpwEpS5Ld9g==}

  crc-32@1.2.2:
    resolution: {integrity: sha512-ROmzCKrTnOwybPcJApAA6WBWij23HVfGVNKqqrZpuyZOHqK2CwHSvpGuyt/UNNvaIjEd8X5IFGp4Mh+Ie1IHJQ==}
    engines: {node: '>=0.8'}
    hasBin: true

  debug@4.3.5:
    resolution: {integrity: sha512-pt0bNEmneDIvdL1Xsd9oDQ/wrQRkXDT4AUWlNZNPKvW5x/jyO9VFXkJUP07vQ2upmw5PlaITaPKc31jK13V+jg==}
    engines: {node: '>=6.0'}
    peerDependencies:
      supports-color: '*'
    peerDependenciesMeta:
      supports-color:
        optional: true

  ethereum-cryptography@2.2.1:
    resolution: {integrity: sha512-r/W8lkHSiTLxUxW8Rf3u4HGB0xQweG2RyETjywylKZSzLWoWAijRz8WCuOtJ6wah+avllXBqZuk29HCCvhEIRg==}

  micro-ftch@0.3.1:
    resolution: {integrity: sha512-/0LLxhzP0tfiR5hcQebtudP56gUurs2CLkGarnCiB/OqEyUFQ6U3paQi/tgLv0hBJYt2rnr9MNpxz4fiiugstg==}

  ms@2.1.2:
    resolution: {integrity: sha512-sGkPx+VjMtmA6MX27oA4FBFELFCZZ4S4XqeGOXCv68tT+jb3vk/RyaKWP0PTKyWtmLSM0b+adUTEvbs1PEaH2w==}

  pony-cause@2.1.11:
    resolution: {integrity: sha512-M7LhCsdNbNgiLYiP4WjsfLUuFmCfnjdF6jKe2R9NKl4WFN+HZPGHJZ9lnLP7f9ZnKe3U9nuWD0szirmj+migUg==}
    engines: {node: '>=12.0.0'}

  semver@7.6.2:
    resolution: {integrity: sha512-FNAIBWCx9qcRhoHcgcJ0gvU7SN1lYU2ZXuSfl04bSC5OpvDHFyJCjdNHomPXxjQlCBU67YW64PzY7/VIEH7F2w==}
    engines: {node: '>=10'}
    hasBin: true

  tweetnacl@1.0.3:
    resolution: {integrity: sha512-6rt+RN7aOi1nGMyC4Xa5DdYiukl2UWCbcJft7YhxReBGQD7OAM8Pbxw6YMo4r2diNEA8FEmu32YOn9rhaiE5yw==}

  uuid@9.0.1:
    resolution: {integrity: sha512-b+1eJOlsR9K8HJpow9Ok3fiWOWSIcIzXodvv0rQjVoOVNpWMpxf1wZNpt4y9h10odCNrqnYp1OBzRktckBe3sA==}
    hasBin: true

snapshots:

  '@ethereumjs/common@3.2.0':
    dependencies:
      '@ethereumjs/util': 8.1.0
      crc-32: 1.2.2

  '@ethereumjs/rlp@4.0.1': {}

  '@ethereumjs/tx@4.2.0':
    dependencies:
      '@ethereumjs/common': 3.2.0
      '@ethereumjs/rlp': 4.0.1
      '@ethereumjs/util': 8.1.0
      ethereum-cryptography: 2.2.1

  '@ethereumjs/util@8.1.0':
    dependencies:
      '@ethereumjs/rlp': 4.0.1
      ethereum-cryptography: 2.2.1
      micro-ftch: 0.3.1

  '@metamask/abi-utils@2.0.4':
    dependencies:
      '@metamask/superstruct': 3.1.0
      '@metamask/utils': 9.0.0
    transitivePeerDependencies:
      - supports-color

  '@metamask/eth-sig-util@7.0.2':
    dependencies:
      '@ethereumjs/util': 8.1.0
      '@metamask/abi-utils': 2.0.4
      '@metamask/utils': 8.5.0
      '@scure/base': 1.1.7
      ethereum-cryptography: 2.2.1
      tweetnacl: 1.0.3
    transitivePeerDependencies:
      - supports-color

  '@metamask/superstruct@3.1.0': {}

  '@metamask/utils@8.5.0':
    dependencies:
      '@ethereumjs/tx': 4.2.0
      '@metamask/superstruct': 3.1.0
      '@noble/hashes': 1.4.0
      '@scure/base': 1.1.7
      '@types/debug': 4.1.12
      debug: 4.3.5
      pony-cause: 2.1.11
      semver: 7.6.2
      uuid: 9.0.1
    transitivePeerDependencies:
      - supports-color

  '@metamask/utils@9.0.0':
    dependencies:
      '@ethereumjs/tx': 4.2.0
      '@metamask/superstruct': 3.1.0
      '@noble/hashes': 1.4.0
      '@scure/base': 1.1.7
      '@types/debug': 4.1.12
      debug: 4.3.5
      pony-cause: 2.1.11
      semver: 7.6.2
      uuid: 9.0.1
    transitivePeerDependencies:
      - supports-color

  '@noble/curves@1.4.2':
    dependencies:
      '@noble/hashes': 1.4.0

  '@noble/hashes@1.4.0': {}

  '@scure/base@1.1.7': {}

  '@scure/bip32@1.4.0':
    dependencies:
      '@noble/curves': 1.4.2
      '@noble/hashes': 1.4.0
      '@scure/base': 1.1.7

  '@scure/bip39@1.3.0':
    dependencies:
      '@noble/hashes': 1.4.0
      '@scure/base': 1.1.7

  '@types/debug@4.1.12':
    dependencies:
      '@types/ms': 0.7.34

  '@types/ms@0.7.34': {}

  crc-32@1.2.2: {}

  debug@4.3.5:
    dependencies:
      ms: 2.1.2

  ethereum-cryptography@2.2.1:
    dependencies:
      '@noble/curves': 1.4.2
      '@noble/hashes': 1.4.0
      '@scure/bip32': 1.4.0
      '@scure/bip39': 1.3.0

  micro-ftch@0.3.1: {}

  ms@2.1.2: {}

  pony-cause@2.1.11: {}

  semver@7.6.2: {}

  tweetnacl@1.0.3: {}

  uuid@9.0.1: {}
